
Microsoft Visual Studio Solution File, Format Version 12.00
# Visual Studio Version 17
VisualStudioVersion = 17.0.31903.59
MinimumVisualStudioVersion = 10.0.40219.1
Project("{FAE04EC0-301F-11D3-BF4B-00C04F79EFBC}") = "ADB", "ADB\ADB.csproj", "{0ECF3C59-6470-48F3-96B1-1C1EAE82247B}"
EndProject
Project("{2150E333-8FDC-42A3-9474-1A3956D46DE8}") = "ADB-tests", "ADB-tests", "{2621C9FF-BDE7-4C7A-856D-7D90A1AA5214}"
EndProject
Project("{FAE04EC0-301F-11D3-BF4B-00C04F79EFBC}") = "ProjectAdbTests", "ADB-tests\ProjectAdbTests\ProjectAdbTests.csproj", "{77805818-4BBF-4738-9A02-CB091D13B094}"
EndProject
Global
	GlobalSection(SolutionConfigurationPlatforms) = preSolution
		Debug|Any CPU = Debug|Any CPU
		Release|Any CPU = Release|Any CPU
	EndGlobalSection
	GlobalSection(SolutionProperties) = preSolution
		HideSolutionNode = FALSE
	EndGlobalSection
	GlobalSection(ProjectConfigurationPlatforms) = postSolution
		{0ECF3C59-6470-48F3-96B1-1C1EAE82247B}.Debug|Any CPU.ActiveCfg = Debug|Any CPU
		{0ECF3C59-6470-48F3-96B1-1C1EAE82247B}.Debug|Any CPU.Build.0 = Debug|Any CPU
		{0ECF3C59-6470-48F3-96B1-1C1EAE82247B}.Release|Any CPU.ActiveCfg = Release|Any CPU
		{0ECF3C59-6470-48F3-96B1-1C1EAE82247B}.Release|Any CPU.Build.0 = Release|Any CPU
		{77805818-4BBF-4738-9A02-CB091D13B094}.Debug|Any CPU.ActiveCfg = Debug|Any CPU
		{77805818-4BBF-4738-9A02-CB091D13B094}.Debug|Any CPU.Build.0 = Debug|Any CPU
		{77805818-4BBF-4738-9A02-CB091D13B094}.Release|Any CPU.ActiveCfg = Release|Any CPU
		{77805818-4BBF-4738-9A02-CB091D13B094}.Release|Any CPU.Build.0 = Release|Any CPU
	EndGlobalSection
	GlobalSection(NestedProjects) = preSolution
		{77805818-4BBF-4738-9A02-CB091D13B094} = {2621C9FF-BDE7-4C7A-856D-7D90A1AA5214}
	EndGlobalSection
EndGlobal
